
Microsoft Visual Studio Solution File, Format Version 12.00
# Visual Studio Version 17
VisualStudioVersion = 17.13.35919.96 d17.13
MinimumVisualStudioVersion = 10.0.40219.1
Project("{FAE04EC0-301F-11D3-BF4B-00C04F79EFBC}") = "POSSystem", "POSSystem\POSSystem.csproj", "{B915705B-8224-40F1-BE52-8B636C78BF47}"
EndProject
Global
	GlobalSection(SolutionConfigurationPlatforms) = preSolution
		Debug|Any CPU = Debug|Any CPU
		Release|Any CPU = Release|Any CPU
	EndGlobalSection
	GlobalSection(ProjectConfigurationPlatforms) = postSolution
		{B915705B-8224-40F1-BE52-8B636C78BF47}.Debug|Any CPU.ActiveCfg = Debug|Any CPU
		{B915705B-8224-40F1-BE52-8B636C78BF47}.Debug|Any CPU.Build.0 = Debug|Any CPU
		{B915705B-8224-40F1-BE52-8B636C78BF47}.Release|Any CPU.ActiveCfg = Release|Any CPU
		{B915705B-8224-40F1-BE52-8B636C78BF47}.Release|Any CPU.Build.0 = Release|Any CPU
	EndGlobalSection
	GlobalSection(SolutionProperties) = preSolution
		HideSolutionNode = FALSE
	EndGlobalSection
	GlobalSection(ExtensibilityGlobals) = postSolution
		SolutionGuid = {BFC10563-C6AA-4D17-B596-B5B3B4DB3A44}
	EndGlobalSection
EndGlobal
